# This file is autogenerated, do not edit; changes may be undone by the next 'dep ensure'.


[[projects]]
  digest = "1:160eabf7a69910fd74f29c692718bc2437c1c1c7d4c9dea9712357752a70e5df"
  name = "github.com/gorilla/context"
  packages = ["."]
  pruneopts = "UT"
  revision = "1ea25387ff6f684839d82767c1733ff4d4d15d0a"
  version = "v1.1"

[[projects]]
  branch = "master"
  digest = "1:cbec35fe4d5a4fba369a656a8cd65e244ea2c743007d8f6c1ccb132acf9d1296"
  name = "github.com/gorilla/mux"
  packages = ["."]
  pruneopts = "UT"
  revision = "d83b6ffe499a29cc05fc977988d0392851779620"

[[projects]]
  branch = "master"
  digest = "1:e6275acf1da0fdaaae389fcbb462b19c85ce1f1f748e681ab77312bf3b6a3ffe"
  name = "github.com/ogier/pflag"
  packages = ["."]
  pruneopts = "UT"
  revision = "45c278ab3607870051a2ea9040bb85fcb8557481"

[solve-meta]
  analyzer-name = "dep"
  analyzer-version = 1
  input-imports = [
    "github.com/gorilla/context",
    "github.com/gorilla/mux",
    "github.com/ogier/pflag",
  ]
  solver-name = "gps-cdcl"
  solver-version = 1
